<?xml version="1.0" encoding="utf-8"?>
<Project ToolsVersion="4.0" xmlns="http://schemas.microsoft.com/developer/msbuild/2003">
  <ItemGroup>
    <Filter Include="源文件">
      <UniqueIdentifier>{1f8e8bca-a066-4276-a85e-5cb2f451c026}</UniqueIdentifier>
      <Extensions>cpp;c;cxx;rc;def;r;odl;idl;hpj;bat</Extensions>
    </Filter>
    <Filter Include="头文件">
      <UniqueIdentifier>{925a28f8-aced-461e-aedc-c7f2beadf68b}</UniqueIdentifier>
      <Extensions>h;hpp;hxx;hm;inl</Extensions>
    </Filter>
  </ItemGroup>
  <ItemGroup>
    <ClCompile Include="display.cpp">
      <Filter>源文件</Filter>
    </ClCompile>
    <ClCompile Include="..\nest_stack\main.cpp">
      <Filter>源文件</Filter>
    </ClCompile>
    <ClCompile Include="nest.cpp">
      <Filter>源文件</Filter>
    </ClCompile>
    <ClCompile Include="..\UniPrint\print_basic.cpp">
      <Filter>源文件</Filter>
    </ClCompile>
  </ItemGroup>
  <ItemGroup>
    <ClInclude Include="..\nest_stack\nest.h">
      <Filter>头文件</Filter>
    </ClInclude>
  </ItemGroup>
</Project>